
Microsoft Visual Studio Solution File, Format Version 11.00
# Visual Studio 2010
Project("{FAE04EC0-301F-11D3-BF4B-00C04F79EFBC}") = "EtchTheOwl", "ChaseCamera\EtchTheOwl.csproj", "{07212D28-DD9D-4E0E-A50B-CD9C04729DDB}"
	ProjectSection(ProjectDependencies) = postProject
		{4636C7E1-B845-4B83-B96D-64A11B8A4515} = {4636C7E1-B845-4B83-B96D-64A11B8A4515}
	EndProjectSection
EndProject
Project("{FAE04EC0-301F-11D3-BF4B-00C04F79EFBC}") = "EtchTheOwlContent", "ChaseCameraContent\EtchTheOwlContent.contentproj", "{F7DBDC96-A9A5-4A29-A0B1-9734637FE68B}"
EndProject
Project("{FAE04EC0-301F-11D3-BF4B-00C04F79EFBC}") = "SkinnedModelWindows", "SkinnedModel\SkinnedModelWindows.csproj", "{0D41E29B-829F-4255-BCA5-64DC2677DA6D}"
EndProject
Project("{FAE04EC0-301F-11D3-BF4B-00C04F79EFBC}") = "SkinnedModelPipeline", "SkinnedModelPipeline\SkinnedModelPipeline.csproj", "{4636C7E1-B845-4B83-B96D-64A11B8A4515}"
EndProject
Global
	GlobalSection(SolutionConfigurationPlatforms) = preSolution
		Debug|x86 = Debug|x86
		Debug|Xbox 360 = Debug|Xbox 360
		Release|x86 = Release|x86
		Release|Xbox 360 = Release|Xbox 360
	EndGlobalSection
	GlobalSection(ProjectConfigurationPlatforms) = postSolution
		{07212D28-DD9D-4E0E-A50B-CD9C04729DDB}.Debug|x86.ActiveCfg = Debug|x86
		{07212D28-DD9D-4E0E-A50B-CD9C04729DDB}.Debug|x86.Build.0 = Debug|x86
		{07212D28-DD9D-4E0E-A50B-CD9C04729DDB}.Debug|Xbox 360.ActiveCfg = Debug|x86
		{07212D28-DD9D-4E0E-A50B-CD9C04729DDB}.Release|x86.ActiveCfg = Release|x86
		{07212D28-DD9D-4E0E-A50B-CD9C04729DDB}.Release|x86.Build.0 = Release|x86
		{07212D28-DD9D-4E0E-A50B-CD9C04729DDB}.Release|Xbox 360.ActiveCfg = Release|x86
		{F7DBDC96-A9A5-4A29-A0B1-9734637FE68B}.Debug|x86.ActiveCfg = Debug|x86
		{F7DBDC96-A9A5-4A29-A0B1-9734637FE68B}.Debug|Xbox 360.ActiveCfg = Debug|x86
		{F7DBDC96-A9A5-4A29-A0B1-9734637FE68B}.Release|x86.ActiveCfg = Release|x86
		{F7DBDC96-A9A5-4A29-A0B1-9734637FE68B}.Release|Xbox 360.ActiveCfg = Release|x86
		{0D41E29B-829F-4255-BCA5-64DC2677DA6D}.Debug|x86.ActiveCfg = Debug|x86
		{0D41E29B-829F-4255-BCA5-64DC2677DA6D}.Debug|x86.Build.0 = Debug|x86
		{0D41E29B-829F-4255-BCA5-64DC2677DA6D}.Debug|Xbox 360.ActiveCfg = Debug|Xbox 360
		{0D41E29B-829F-4255-BCA5-64DC2677DA6D}.Debug|Xbox 360.Build.0 = Debug|Xbox 360
		{0D41E29B-829F-4255-BCA5-64DC2677DA6D}.Release|x86.ActiveCfg = Release|x86
		{0D41E29B-829F-4255-BCA5-64DC2677DA6D}.Release|x86.Build.0 = Release|x86
		{0D41E29B-829F-4255-BCA5-64DC2677DA6D}.Release|Xbox 360.ActiveCfg = Release|Xbox 360
		{0D41E29B-829F-4255-BCA5-64DC2677DA6D}.Release|Xbox 360.Build.0 = Release|Xbox 360
		{4636C7E1-B845-4B83-B96D-64A11B8A4515}.Debug|x86.ActiveCfg = Debug|x86
		{4636C7E1-B845-4B83-B96D-64A11B8A4515}.Debug|x86.Build.0 = Debug|x86
		{4636C7E1-B845-4B83-B96D-64A11B8A4515}.Debug|Xbox 360.ActiveCfg = Debug|x86
		{4636C7E1-B845-4B83-B96D-64A11B8A4515}.Debug|Xbox 360.Build.0 = Debug|x86
		{4636C7E1-B845-4B83-B96D-64A11B8A4515}.Release|x86.ActiveCfg = Debug|x86
		{4636C7E1-B845-4B83-B96D-64A11B8A4515}.Release|x86.Build.0 = Debug|x86
		{4636C7E1-B845-4B83-B96D-64A11B8A4515}.Release|Xbox 360.ActiveCfg = Debug|x86
		{4636C7E1-B845-4B83-B96D-64A11B8A4515}.Release|Xbox 360.Build.0 = Debug|x86
	EndGlobalSection
	GlobalSection(SolutionProperties) = preSolution
		HideSolutionNode = FALSE
	EndGlobalSection
EndGlobal
